// !$*UTF8*$!
{
	archiveVersion = 1;
	classes = {
	};
	objectVersion = 50;
	objects = {

/* Begin PBXBuildFile section */
		9E08036824057FB20072CBE5 /* AppDelegate.swift in Sources */ = {isa = PBXBuildFile; fileRef = 9E08036724057FB20072CBE5 /* AppDelegate.swift */; };
		9E08036A24057FB20072CBE5 /* SceneDelegate.swift in Sources */ = {isa = PBXBuildFile; fileRef = 9E08036924057FB20072CBE5 /* SceneDelegate.swift */; };
		9E08036C24057FB20072CBE5 /* ViewController.swift in Sources */ = {isa = PBXBuildFile; fileRef = 9E08036B24057FB20072CBE5 /* ViewController.swift */; };
		9E08036F24057FB20072CBE5 /* Main.storyboard in Resources */ = {isa = PBXBuildFile; fileRef = 9E08036D24057FB20072CBE5 /* Main.storyboard */; };
		9E08037224057FB20072CBE5 /* AudioRecorder.xcdatamodeld in Sources */ = {isa = PBXBuildFile; fileRef = 9E08037024057FB20072CBE5 /* AudioRecorder.xcdatamodeld */; };
		9E08037424057FB30072CBE5 /* Assets.xcassets in Resources */ = {isa = PBXBuildFile; fileRef = 9E08037324057FB30072CBE5 /* Assets.xcassets */; };
		9E08037724057FB30072CBE5 /* LaunchScreen.storyboard in Resources */ = {isa = PBXBuildFile; fileRef = 9E08037524057FB30072CBE5 /* LaunchScreen.storyboard */; };
		9E08037F240583120072CBE5 /* FileUtilities.swift in Sources */ = {isa = PBXBuildFile; fileRef = 9E08037E240583120072CBE5 /* FileUtilities.swift */; };
		9E080381240587D50072CBE5 /* AudioDelegate.swift in Sources */ = {isa = PBXBuildFile; fileRef = 9E080380240587D50072CBE5 /* AudioDelegate.swift */; };
		9E0803832407FA740072CBE5 /* keyChar.swift in Sources */ = {isa = PBXBuildFile; fileRef = 9E0803822407FA740072CBE5 /* keyChar.swift */; };
		9E0803852407FB180072CBE5 /* TextToASCIIConverter.swift in Sources */ = {isa = PBXBuildFile; fileRef = 9E0803842407FB180072CBE5 /* TextToASCIIConverter.swift */; };
		9E080389240AB8190072CBE5 /* ENCharStringList.swift in Sources */ = {isa = PBXBuildFile; fileRef = 9E080388240AB8190072CBE5 /* ENCharStringList.swift */; };
/* End PBXBuildFile section */

/* Begin PBXFileReference section */
		9E08036424057FB20072CBE5 /* AudioRecorder.app */ = {isa = PBXFileReference; explicitFileType = wrapper.application; includeInIndex = 0; path = AudioRecorder.app; sourceTree = BUILT_PRODUCTS_DIR; };
		9E08036724057FB20072CBE5 /* AppDelegate.swift */ = {isa = PBXFileReference; lastKnownFileType = sourcecode.swift; path = AppDelegate.swift; sourceTree = "<group>"; };
		9E08036924057FB20072CBE5 /* SceneDelegate.swift */ = {isa = PBXFileReference; lastKnownFileType = sourcecode.swift; path = SceneDelegate.swift; sourceTree = "<group>"; };
		9E08036B24057FB20072CBE5 /* ViewController.swift */ = {isa = PBXFileReference; lastKnownFileType = sourcecode.swift; path = ViewController.swift; sourceTree = "<group>"; };
		9E08036E24057FB20072CBE5 /* Base */ = {isa = PBXFileReference; lastKnownFileType = file.storyboard; name = Base; path = Base.lproj/Main.storyboard; sourceTree = "<group>"; };
		9E08037124057FB20072CBE5 /* AudioRecorder.xcdatamodel */ = {isa = PBXFileReference; lastKnownFileType = wrapper.xcdatamodel; path = AudioRecorder.xcdatamodel; sourceTree = "<group>"; };
		9E08037324057FB30072CBE5 /* Assets.xcassets */ = {isa = PBXFileReference; lastKnownFileType = folder.assetcatalog; path = Assets.xcassets; sourceTree = "<group>"; };
		9E08037624057FB30072CBE5 /* Base */ = {isa = PBXFileReference; lastKnownFileType = file.storyboard; name = Base; path = Base.lproj/LaunchScreen.storyboard; sourceTree = "<group>"; };
		9E08037824057FB30072CBE5 /* Info.plist */ = {isa = PBXFileReference; lastKnownFileType = text.plist.xml; path = Info.plist; sourceTree = "<group>"; };
		9E08037E240583120072CBE5 /* FileUtilities.swift */ = {isa = PBXFileReference; lastKnownFileType = sourcecode.swift; path = FileUtilities.swift; sourceTree = "<group>"; };
		9E080380240587D50072CBE5 /* AudioDelegate.swift */ = {isa = PBXFileReference; lastKnownFileType = sourcecode.swift; path = AudioDelegate.swift; sourceTree = "<group>"; };
		9E0803822407FA740072CBE5 /* keyChar.swift */ = {isa = PBXFileReference; lastKnownFileType = sourcecode.swift; path = keyChar.swift; sourceTree = "<group>"; };
		9E0803842407FB180072CBE5 /* TextToASCIIConverter.swift */ = {isa = PBXFileReference; lastKnownFileType = sourcecode.swift; path = TextToASCIIConverter.swift; sourceTree = "<group>"; };
		9E080388240AB8190072CBE5 /* ENCharStringList.swift */ = {isa = PBXFileReference; lastKnownFileType = sourcecode.swift; path = ENCharStringList.swift; sourceTree = "<group>"; };
/* End PBXFileReference section */

/* Begin PBXFrameworksBuildPhase section */
		9E08036124057FB20072CBE5 /* Frameworks */ = {
			isa = PBXFrameworksBuildPhase;
			buildActionMask = 2147483647;
			files = (
			);
			runOnlyForDeploymentPostprocessing = 0;
		};
/* End PBXFrameworksBuildPhase section */

/* Begin PBXGroup section */
		9E08035B24057FB20072CBE5 = {
			isa = PBXGroup;
			children = (
				9E08036624057FB20072CBE5 /* AudioRecorder */,
				9E08036524057FB20072CBE5 /* Products */,
			);
			sourceTree = "<group>";
		};
		9E08036524057FB20072CBE5 /* Products */ = {
			isa = PBXGroup;
			children = (
				9E08036424057FB20072CBE5 /* AudioRecorder.app */,
			);
			name = Products;
			sourceTree = "<group>";
		};
		9E08036624057FB20072CBE5 /* AudioRecorder */ = {
			isa = PBXGroup;
			children = (
				9E08036724057FB20072CBE5 /* AppDelegate.swift */,
				9E08036924057FB20072CBE5 /* SceneDelegate.swift */,
				9E08036B24057FB20072CBE5 /* ViewController.swift */,
				9E08036D24057FB20072CBE5 /* Main.storyboard */,
				9E08037324057FB30072CBE5 /* Assets.xcassets */,
				9E08037524057FB30072CBE5 /* LaunchScreen.storyboard */,
				9E08037824057FB30072CBE5 /* Info.plist */,
				9E08037024057FB20072CBE5 /* AudioRecorder.xcdatamodeld */,
				9E08037E240583120072CBE5 /* FileUtilities.swift */,
				9E080380240587D50072CBE5 /* AudioDelegate.swift */,
				9E0803822407FA740072CBE5 /* keyChar.swift */,
				9E0803842407FB180072CBE5 /* TextToASCIIConverter.swift */,
				9E080388240AB8190072CBE5 /* ENCharStringList.swift */,
			);
			path = AudioRecorder;
			sourceTree = "<group>";
		};
/* End PBXGroup section */

/* Begin PBXNativeTarget section */
		9E08036324057FB20072CBE5 /* AudioRecorder */ = {
			isa = PBXNativeTarget;
			buildConfigurationList = 9E08037B24057FB30072CBE5 /* Build configuration list for PBXNativeTarget "AudioRecorder" */;
			buildPhases = (
				9E08036024057FB20072CBE5 /* Sources */,
				9E08036124057FB20072CBE5 /* Frameworks */,
				9E08036224057FB20072CBE5 /* Resources */,
			);
			buildRules = (
			);
			dependencies = (
			);
			name = AudioRecorder;
			productName = AudioRecorder;
			productReference = 9E08036424057FB20072CBE5 /* AudioRecorder.app */;
			productType = "com.apple.product-type.application";
		};
/* End PBXNativeTarget section */

/* Begin PBXProject section */
		9E08035C24057FB20072CBE5 /* Project object */ = {
			isa = PBXProject;
			attributes = {
				LastSwiftUpdateCheck = 1130;
				LastUpgradeCheck = 1130;
				ORGANIZATIONNAME = "Alfonso Cavallo";
				TargetAttributes = {
					9E08036324057FB20072CBE5 = {
						CreatedOnToolsVersion = 11.3.1;
					};
				};
			};
			buildConfigurationList = 9E08035F24057FB20072CBE5 /* Build configuration list for PBXProject "AudioRecorder" */;
			compatibilityVersion = "Xcode 9.3";
			developmentRegion = en;
			hasScannedForEncodings = 0;
			knownRegions = (
				en,
				Base,
			);
			mainGroup = 9E08035B24057FB20072CBE5;
			productRefGroup = 9E08036524057FB20072CBE5 /* Products */;
			projectDirPath = "";
			projectRoot = "";
			targets = (
				9E08036324057FB20072CBE5 /* AudioRecorder */,
			);
		};
/* End PBXProject section */

/* Begin PBXResourcesBuildPhase section */
		9E08036224057FB20072CBE5 /* Resources */ = {
			isa = PBXResourcesBuildPhase;
			buildActionMask = 2147483647;
			files = (
				9E08037724057FB30072CBE5 /* LaunchScreen.storyboard in Resources */,
				9E08037424057FB30072CBE5 /* Assets.xcassets in Resources */,
				9E08036F24057FB20072CBE5 /* Main.storyboard in Resources */,
			);
			runOnlyForDeploymentPostprocessing = 0;
		};
/* End PBXResourcesBuildPhase section */

/* Begin PBXSourcesBuildPhase section */
		9E08036024057FB20072CBE5 /* Sources */ = {
			isa = PBXSourcesBuildPhase;
			buildActionMask = 2147483647;
			files = (
				9E08036C24057FB20072CBE5 /* ViewController.swift in Sources */,
				9E080381240587D50072CBE5 /* AudioDelegate.swift in Sources */,
				9E0803832407FA740072CBE5 /* keyChar.swift in Sources */,
				9E08036824057FB20072CBE5 /* AppDelegate.swift in Sources */,
				9E08037224057FB20072CBE5 /* AudioRecorder.xcdatamodeld in Sources */,
				9E08037F240583120072CBE5 /* FileUtilities.swift in Sources */,
				9E080389240AB8190072CBE5 /* ENCharStringList.swift in Sources */,
				9E0803852407FB180072CBE5 /* TextToASCIIConverter.swift in Sources */,
				9E08036A24057FB20072CBE5 /* SceneDelegate.swift in Sources */,
			);
			runOnlyForDeploymentPostprocessing = 0;
		};
/* End PBXSourcesBuildPhase section */

/* Begin PBXVariantGroup section */
		9E08036D24057FB20072CBE5 /* Main.storyboard */ = {
			isa = PBXVariantGroup;
			children = (
				9E08036E24057FB20072CBE5 /* Base */,
			);
			name = Main.storyboard;
			sourceTree = "<group>";
		};
		9E08037524057FB30072CBE5 /* LaunchScreen.storyboard */ = {
			isa = PBXVariantGroup;
			children = (
				9E08037624057FB30072CBE5 /* Base */,
			);
			name = LaunchScreen.storyboard;
			sourceTree = "<group>";
		};
/* End PBXVariantGroup section */

/* Begin XCBuildConfiguration section */
		9E08037924057FB30072CBE5 /* Debug */ = {
			isa = XCBuildConfiguration;
			buildSettings = {
				ALWAYS_SEARCH_USER_PATHS = NO;
				CLANG_ANALYZER_NONNULL = YES;
				CLANG_ANALYZER_NUMBER_OBJECT_CONVERSION = YES_AGGRESSIVE;
				CLANG_CXX_LANGUAGE_STANDARD = "gnu++14";
				CLANG_CXX_LIBRARY = "libc++";
				CLANG_ENABLE_MODULES = YES;
				CLANG_ENABLE_OBJC_ARC = YES;
				CLANG_ENABLE_OBJC_WEAK = YES;
				CLANG_WARN_BLOCK_CAPTURE_AUTORELEASING = YES;
				CLANG_WARN_BOOL_CONVERSION = YES;
				CLANG_WARN_COMMA = YES;
				CLANG_WARN_CONSTANT_CONVERSION = YES;
				CLANG_WARN_DEPRECATED_OBJC_IMPLEMENTATIONS = YES;
				CLANG_WARN_DIRECT_OBJC_ISA_USAGE = YES_ERROR;
				CLANG_WARN_DOCUMENTATION_COMMENTS = YES;
				CLANG_WARN_EMPTY_BODY = YES;
				CLANG_WARN_ENUM_CONVERSION = YES;
				CLANG_WARN_INFINITE_RECURSION = YES;
				CLANG_WARN_INT_CONVERSION = YES;
				CLANG_WARN_NON_LITERAL_NULL_CONVERSION = YES;
				CLANG_WARN_OBJC_IMPLICIT_RETAIN_SELF = YES;
				CLANG_WARN_OBJC_LITERAL_CONVERSION = YES;
				CLANG_WARN_OBJC_ROOT_CLASS = YES_ERROR;
				CLANG_WARN_RANGE_LOOP_ANALYSIS = YES;
				CLANG_WARN_STRICT_PROTOTYPES = YES;
				CLANG_WARN_SUSPICIOUS_MOVE = YES;
				CLANG_WARN_UNGUARDED_AVAILABILITY = YES_AGGRESSIVE;
				CLANG_WARN_UNREACHABLE_CODE = YES;
				CLANG_WARN__DUPLICATE_METHOD_MATCH = YES;
				COPY_PHASE_STRIP = NO;
				DEBUG_INFORMATION_FORMAT = dwarf;
				ENABLE_STRICT_OBJC_MSGSEND = YES;
				ENABLE_TESTABILITY = YES;
				GCC_C_LANGUAGE_STANDARD = gnu11;
				GCC_DYNAMIC_NO_PIC = NO;
				GCC_NO_COMMON_BLOCKS = YES;
				GCC_OPTIMIZATION_LEVEL = 0;
				GCC_PREPROCESSOR_DEFINITIONS = (
					"DEBUG=1",
					"$(inherited)",
				);
				GCC_WARN_64_TO_32_BIT_CONVERSION = YES;
				GCC_WARN_ABOUT_RETURN_TYPE = YES_ERROR;
				GCC_WARN_UNDECLARED_SELECTOR = YES;
				GCC_WARN_UNINITIALIZED_AUTOS = YES_AGGRESSIVE;
				GCC_WARN_UNUSED_FUNCTION = YES;
				GCC_WARN_UNUSED_VARIABLE = YES;
				IPHONEOS_DEPLOYMENT_TARGET = 13.2;
				MTL_ENABLE_DEBUG_INFO = INCLUDE_SOURCE;
				MTL_FAST_MATH = YES;
				ONLY_ACTIVE_ARCH = YES;
				SDKROOT = iphoneos;
				SWIFT_ACTIVE_COMPILATION_CONDITIONS = DEBUG;
				SWIFT_OPTIMIZATION_LEVEL = "-Onone";
			};
			name = Debug;
		};
		9E08037A24057FB30072CBE5 /* Release */ = {
			isa = XCBuildConfiguration;
			buildSettings = {
				ALWAYS_SEARCH_USER_PATHS = NO;
				CLANG_ANALYZER_NONNULL = YES;
				CLANG_ANALYZER_NUMBER_OBJECT_CONVERSION = YES_AGGRESSIVE;
				CLANG_CXX_LANGUAGE_STANDARD = "gnu++14";
				CLANG_CXX_LIBRARY = "libc++";
				CLANG_ENABLE_MODULES = YES;
				CLANG_ENABLE_OBJC_ARC = YES;
				CLANG_ENABLE_OBJC_WEAK = YES;
				CLANG_WARN_BLOCK_CAPTURE_AUTORELEASING = YES;
				CLANG_WARN_BOOL_CONVERSION = YES;
				CLANG_WARN_COMMA = YES;
				CLANG_WARN_CONSTANT_CONVERSION = YES;
				CLANG_WARN_DEPRECATED_OBJC_IMPLEMENTATIONS = YES;
				CLANG_WARN_DIRECT_OBJC_ISA_USAGE = YES_ERROR;
				CLANG_WARN_DOCUMENTATION_COMMENTS = YES;
				CLANG_WARN_EMPTY_BODY = YES;
				CLANG_WARN_ENUM_CONVERSION = YES;
				CLANG_WARN_INFINITE_RECURSION = YES;
				CLANG_WARN_INT_CONVERSION = YES;
				CLANG_WARN_NON_LITERAL_NULL_CONVERSION = YES;
				CLANG_WARN_OBJC_IMPLICIT_RETAIN_SELF = YES;
				CLANG_WARN_OBJC_LITERAL_CONVERSION = YES;
				CLANG_WARN_OBJC_ROOT_CLASS = YES_ERROR;
				CLANG_WARN_RANGE_LOOP_ANALYSIS = YES;
				CLANG_WARN_STRICT_PROTOTYPES = YES;
				CLANG_WARN_SUSPICIOUS_MOVE = YES;
				CLANG_WARN_UNGUARDED_AVAILABILITY = YES_AGGRESSIVE;
				CLANG_WARN_UNREACHABLE_CODE = YES;
				CLANG_WARN__DUPLICATE_METHOD_MATCH = YES;
				COPY_PHASE_STRIP = NO;
				DEBUG_INFORMATION_FORMAT = "dwarf-with-dsym";
				ENABLE_NS_ASSERTIONS = NO;
				ENABLE_STRICT_OBJC_MSGSEND = YES;
				GCC_C_LANGUAGE_STANDARD = gnu11;
				GCC_NO_COMMON_BLOCKS = YES;
				GCC_WARN_64_TO_32_BIT_CONVERSION = YES;
				GCC_WARN_ABOUT_RETURN_TYPE = YES_ERROR;
				GCC_WARN_UNDECLARED_SELECTOR = YES;
				GCC_WARN_UNINITIALIZED_AUTOS = YES_AGGRESSIVE;
				GCC_WARN_UNUSED_FUNCTION = YES;
				GCC_WARN_UNUSED_VARIABLE = YES;
				IPHONEOS_DEPLOYMENT_TARGET = 13.2;
				MTL_ENABLE_DEBUG_INFO = NO;
				MTL_FAST_MATH = YES;
				SDKROOT = iphoneos;
				SWIFT_COMPILATION_MODE = wholemodule;
				SWIFT_OPTIMIZATION_LEVEL = "-O";
				VALIDATE_PRODUCT = YES;
			};
			name = Release;
		};
		9E08037C24057FB30072CBE5 /* Debug */ = {
			isa = XCBuildConfiguration;
			buildSettings = {
				ASSETCATALOG_COMPILER_APPICON_NAME = AppIcon;
				CODE_SIGN_STYLE = Automatic;
				DEVELOPMENT_TEAM = K8WJKQA676;
				INFOPLIST_FILE = AudioRecorder/Info.plist;
				LD_RUNPATH_SEARCH_PATHS = (
					"$(inherited)",
					"@executable_path/Frameworks",
				);
				PRODUCT_BUNDLE_IDENTIFIER = it.unisa.IosfoundationProgram.AudioRecorder;
				PRODUCT_NAME = AudioRecorder;
				SWIFT_VERSION = 5.0;
				TARGETED_DEVICE_FAMILY = "1,2";
			};
			name = Debug;
		};
		9E08037D24057FB30072CBE5 /* Release */ = {
			isa = XCBuildConfiguration;
			buildSettings = {
				ASSETCATALOG_COMPILER_APPICON_NAME = AppIcon;
				CODE_SIGN_STYLE = Automatic;
				DEVELOPMENT_TEAM = K8WJKQA676;
				INFOPLIST_FILE = AudioRecorder/Info.plist;
				LD_RUNPATH_SEARCH_PATHS = (
					"$(inherited)",
					"@executable_path/Frameworks",
				);
				PRODUCT_BUNDLE_IDENTIFIER = it.unisa.IosfoundationProgram.AudioRecorder;
				PRODUCT_NAME = AudioRecorder;
				SWIFT_VERSION = 5.0;
				TARGETED_DEVICE_FAMILY = "1,2";
			};
			name = Release;
		};
/* End XCBuildConfiguration section */

/* Begin XCConfigurationList section */
		9E08035F24057FB20072CBE5 /* Build configuration list for PBXProject "AudioRecorder" */ = {
			isa = XCConfigurationList;
			buildConfigurations = (
				9E08037924057FB30072CBE5 /* Debug */,
				9E08037A24057FB30072CBE5 /* Release */,
			);
			defaultConfigurationIsVisible = 0;
			defaultConfigurationName = Release;
		};
		9E08037B24057FB30072CBE5 /* Build configuration list for PBXNativeTarget "AudioRecorder" */ = {
			isa = XCConfigurationList;
			buildConfigurations = (
				9E08037C24057FB30072CBE5 /* Debug */,
				9E08037D24057FB30072CBE5 /* Release */,
			);
			defaultConfigurationIsVisible = 0;
			defaultConfigurationName = Release;
		};
/* End XCConfigurationList section */

/* Begin XCVersionGroup section */
		9E08037024057FB20072CBE5 /* AudioRecorder.xcdatamodeld */ = {
			isa = XCVersionGroup;
			children = (
				9E08037124057FB20072CBE5 /* AudioRecorder.xcdatamodel */,
			);
			currentVersion = 9E08037124057FB20072CBE5 /* AudioRecorder.xcdatamodel */;
			path = AudioRecorder.xcdatamodeld;
			sourceTree = "<group>";
			versionGroupType = wrapper.xcdatamodel;
		};
/* End XCVersionGroup section */
	};
	rootObject = 9E08035C24057FB20072CBE5 /* Project object */;
}
